
Microsoft Visual Studio Solution File, Format Version 12.00
# Visual Studio Version 16
VisualStudioVersion = 16.0.30907.101
MinimumVisualStudioVersion = 10.0.40219.1
Project("{FAE04EC0-301F-11D3-BF4B-00C04F79EFBC}") = "WpfApp2", "WpfApp2\WpfApp2.csproj", "{0E798EA7-AEC5-47FD-B050-6EFE8C95EE2F}"
EndProject
Global
	GlobalSection(SolutionConfigurationPlatforms) = preSolution
		Debug|Any CPU = Debug|Any CPU
		Release|Any CPU = Release|Any CPU
	EndGlobalSection
	GlobalSection(ProjectConfigurationPlatforms) = postSolution
		{0E798EA7-AEC5-47FD-B050-6EFE8C95EE2F}.Debug|Any CPU.ActiveCfg = Debug|Any CPU
		{0E798EA7-AEC5-47FD-B050-6EFE8C95EE2F}.Debug|Any CPU.Build.0 = Debug|Any CPU
		{0E798EA7-AEC5-47FD-B050-6EFE8C95EE2F}.Release|Any CPU.ActiveCfg = Release|Any CPU
		{0E798EA7-AEC5-47FD-B050-6EFE8C95EE2F}.Release|Any CPU.Build.0 = Release|Any CPU
	EndGlobalSection
	GlobalSection(SolutionProperties) = preSolution
		HideSolutionNode = FALSE
	EndGlobalSection
	GlobalSection(ExtensibilityGlobals) = postSolution
		SolutionGuid = {0637C4AA-49B9-44DD-A5A8-6769E7373A84}
	EndGlobalSection
EndGlobal
